# THIS IS AN AUTOGENERATED FILE. DO NOT EDIT THIS FILE DIRECTLY.
# yarn lockfile v1


async-limiter@~1.0.0:
  version "1.0.1"
  resolved "https://registry.yarnpkg.com/async-limiter/-/async-limiter-1.0.1.tgz#dd379e94f0db8310b08291f9d64c3209766617fd"
  integrity sha512-csOlWGAcRFJaI6m+F2WKdnMKr4HhdhFVBk0H/QbJFMCr+uO2kwohwXQPxw/9OCxp05r5ghVBFSyioixx3gfkNQ==

sip@^0.0.6:
  version "0.0.6"
  resolved "https://registry.yarnpkg.com/sip/-/sip-0.0.6.tgz#472b30a9e29128e38b0e98129c4cff02decf5726"
  integrity sha512-t+FYic4EQ25GTsIRWFVvsq+GmVkoZhrcoghANlnN6CsWMHGcfjPDYMD+nTBNrHR/WnRykF4nqx4i+gahAnW5NA==
  dependencies:
    ws "^6.1.0"

sipml@^2.1.4:
  version "2.1.4"
  resolved "https://registry.yarnpkg.com/sipml/-/sipml-2.1.4.tgz#8d88916ed6dc05b4854edf9bb2447b4c6ff8bca2"
  integrity sha512-nLdPAbXAak69oUwM/6bm1LWwh4i5EfU6sNRh4P69MMbEDHuuQRKJHHSF5N6U/jyTYLJkDt5WRpDYTmzqa4h6GQ==

ws@^6.1.0:
  version "6.2.2"
  resolved "https://registry.yarnpkg.com/ws/-/ws-6.2.2.tgz#dd5cdbd57a9979916097652d78f1cc5faea0c32e"
  integrity sha512-zmhltoSR8u1cnDsD43TX59mzoMZsLKqUweyYBAIvTngR3shc0W6aOZylZmq/7hqyVxPdi+5Ud2QInblgyE72fw==
  dependencies:
    async-limiter "~1.0.0"
